# This file is generated by running "yarn install" inside your project.
# Manual changes might be lost - proceed with caution!

__metadata:
  version: 6
  cacheKey: 8

"@types/emscripten@npm:^1.39.6":
  version: 1.39.8
  resolution: "@types/emscripten@npm:1.39.8"
  checksum: adccdfcec3a9829aaeee580259d21653ef15ae638b88c2e310d1d4184cfc83809b463fabdd0050e018c7b6b966166d973d71f3d59601644947d0235e98b77e64
  languageName: node
  linkType: hard

"@yarnpkg/fslib@npm:^3.0.0-rc.51, @yarnpkg/fslib@npm:^3.0.0-rc.53":
  version: 3.0.0-rc.53
  resolution: "@yarnpkg/fslib@npm:3.0.0-rc.53"
  dependencies:
    tslib: ^2.4.0
  checksum: 026fdc98da8e5eceb131fc1095f7124e86072293d68263dc1cce2e8c77c813164ae002504608ca00ae4c35e82d5e88ff02a4ee76a5f4fa740aafd2e6401d280f
  languageName: node
  linkType: hard

"@yarnpkg/libzip@npm:^3.0.0-rc.51":
  version: 3.0.0-rc.53
  resolution: "@yarnpkg/libzip@npm:3.0.0-rc.53"
  dependencies:
    "@types/emscripten": ^1.39.6
    "@yarnpkg/fslib": ^3.0.0-rc.53
    tslib: ^2.4.0
  peerDependencies:
    "@yarnpkg/fslib": ^3.0.0-rc.53
  checksum: bf6dbe5184cc34b00b5c424db0ae7282b97b9deda56eed21387c90c943495427eb410c48a64ef872ee9f691be602d69dd26213022bbece07e30ded0fa88e908c
  languageName: node
  linkType: hard

"pnp-bin@workspace:.":
  version: 0.0.0-use.local
  resolution: "pnp-bin@workspace:."
  dependencies:
    "@yarnpkg/fslib": ^3.0.0-rc.51
    "@yarnpkg/libzip": ^3.0.0-rc.51
  bin:
    pnp-bin: ./pnp-bin.cjs
  languageName: unknown
  linkType: soft

"tslib@npm:^2.4.0":
  version: 2.6.2
  resolution: "tslib@npm:2.6.2"
  checksum: 329ea56123005922f39642318e3d1f0f8265d1e7fcb92c633e0809521da75eeaca28d2cf96d7248229deb40e5c19adf408259f4b9640afd20d13aecc1430f3ad
  languageName: node
  linkType: hard
